// !$*UTF8*$!
{
	archiveVersion = 1;
	classes = {
	};
	objectVersion = 46;
	objects = {

/* Begin PBXBuildFile section */
		405781CE1EAFF7C80091885C /* OrderViewController.swift in Sources */ = {isa = PBXBuildFile; fileRef = 405781CD1EAFF7C80091885C /* OrderViewController.swift */; };
		405781D11EB287100091885C /* Main.storyboard in Resources */ = {isa = PBXBuildFile; fileRef = 405781CF1EB287100091885C /* Main.storyboard */; };
		40C41B1E1E9D697200E21E4D /* AppDelegate.swift in Sources */ = {isa = PBXBuildFile; fileRef = 40C41B1D1E9D697200E21E4D /* AppDelegate.swift */; };
		40C41B251E9D697200E21E4D /* Assets.xcassets in Resources */ = {isa = PBXBuildFile; fileRef = 40C41B241E9D697200E21E4D /* Assets.xcassets */; };
		40C41B281E9D697200E21E4D /* LaunchScreen.storyboard in Resources */ = {isa = PBXBuildFile; fileRef = 40C41B261E9D697200E21E4D /* LaunchScreen.storyboard */; };
		40C41B331E9D697200E21E4D /* RunrMVPTests.swift in Sources */ = {isa = PBXBuildFile; fileRef = 40C41B321E9D697200E21E4D /* RunrMVPTests.swift */; };
		40C41B3E1E9D697200E21E4D /* RunrMVPUITests.swift in Sources */ = {isa = PBXBuildFile; fileRef = 40C41B3D1E9D697200E21E4D /* RunrMVPUITests.swift */; };
		40E8D41F1EAC0A2A00B598BE /* LoginViewController.swift in Sources */ = {isa = PBXBuildFile; fileRef = 40E8D41E1EAC0A2A00B598BE /* LoginViewController.swift */; };
		40E8D4211EAC0A3A00B598BE /* SignUpViewController.swift in Sources */ = {isa = PBXBuildFile; fileRef = 40E8D4201EAC0A3A00B598BE /* SignUpViewController.swift */; };
		40E8D4241EAC0D9B00B598BE /* API.swift in Sources */ = {isa = PBXBuildFile; fileRef = 40E8D4231EAC0D9B00B598BE /* API.swift */; };
		7E0E2F9C7BDD8009BE794F06 /* Pods_RunrMVP.framework in Frameworks */ = {isa = PBXBuildFile; fileRef = D91F0158FC82B919BD2EB2F5 /* Pods_RunrMVP.framework */; };
		D7D35B15A30C6C5B4CD4D77D /* Pods_RunrMVPUITests.framework in Frameworks */ = {isa = PBXBuildFile; fileRef = 9ED99E505FF7C28A24AE311B /* Pods_RunrMVPUITests.framework */; };
		DD9A74C91D2A89DAA8DDA11C /* Pods_RunrMVPTests.framework in Frameworks */ = {isa = PBXBuildFile; fileRef = 94F4E51F60FB76A70EBFD06A /* Pods_RunrMVPTests.framework */; };
/* End PBXBuildFile section */

/* Begin PBXContainerItemProxy section */
		40C41B2F1E9D697200E21E4D /* PBXContainerItemProxy */ = {
			isa = PBXContainerItemProxy;
			containerPortal = 40C41B121E9D697200E21E4D /* Project object */;
			proxyType = 1;
			remoteGlobalIDString = 40C41B191E9D697200E21E4D;
			remoteInfo = RunrMVP;
		};
		40C41B3A1E9D697200E21E4D /* PBXContainerItemProxy */ = {
			isa = PBXContainerItemProxy;
			containerPortal = 40C41B121E9D697200E21E4D /* Project object */;
			proxyType = 1;
			remoteGlobalIDString = 40C41B191E9D697200E21E4D;
			remoteInfo = RunrMVP;
		};
/* End PBXContainerItemProxy section */

/* Begin PBXFileReference section */
		3A43BA7D87E8C1D492407659 /* Pods-RunrMVPTests.debug.xcconfig */ = {isa = PBXFileReference; includeInIndex = 1; lastKnownFileType = text.xcconfig; name = "Pods-RunrMVPTests.debug.xcconfig"; path = "Pods/Target Support Files/Pods-RunrMVPTests/Pods-RunrMVPTests.debug.xcconfig"; sourceTree = "<group>"; };
		405781CD1EAFF7C80091885C /* OrderViewController.swift */ = {isa = PBXFileReference; fileEncoding = 4; lastKnownFileType = sourcecode.swift; path = OrderViewController.swift; sourceTree = "<group>"; };
		405781D01EB287100091885C /* Base */ = {isa = PBXFileReference; lastKnownFileType = file.storyboard; name = Base; path = Base.lproj/Main.storyboard; sourceTree = "<group>"; };
		40C41B1A1E9D697200E21E4D /* RunrMVP.app */ = {isa = PBXFileReference; explicitFileType = wrapper.application; includeInIndex = 0; path = RunrMVP.app; sourceTree = BUILT_PRODUCTS_DIR; };
		40C41B1D1E9D697200E21E4D /* AppDelegate.swift */ = {isa = PBXFileReference; lastKnownFileType = sourcecode.swift; path = AppDelegate.swift; sourceTree = "<group>"; };
		40C41B241E9D697200E21E4D /* Assets.xcassets */ = {isa = PBXFileReference; lastKnownFileType = folder.assetcatalog; path = Assets.xcassets; sourceTree = "<group>"; };
		40C41B271E9D697200E21E4D /* Base */ = {isa = PBXFileReference; lastKnownFileType = file.storyboard; name = Base; path = Base.lproj/LaunchScreen.storyboard; sourceTree = "<group>"; };
		40C41B291E9D697200E21E4D /* Info.plist */ = {isa = PBXFileReference; lastKnownFileType = text.plist.xml; path = Info.plist; sourceTree = "<group>"; };
		40C41B2E1E9D697200E21E4D /* RunrMVPTests.xctest */ = {isa = PBXFileReference; explicitFileType = wrapper.cfbundle; includeInIndex = 0; path = RunrMVPTests.xctest; sourceTree = BUILT_PRODUCTS_DIR; };
		40C41B321E9D697200E21E4D /* RunrMVPTests.swift */ = {isa = PBXFileReference; lastKnownFileType = sourcecode.swift; path = RunrMVPTests.swift; sourceTree = "<group>"; };
		40C41B341E9D697200E21E4D /* Info.plist */ = {isa = PBXFileReference; lastKnownFileType = text.plist.xml; path = Info.plist; sourceTree = "<group>"; };
		40C41B391E9D697200E21E4D /* RunrMVPUITests.xctest */ = {isa = PBXFileReference; explicitFileType = wrapper.cfbundle; includeInIndex = 0; path = RunrMVPUITests.xctest; sourceTree = BUILT_PRODUCTS_DIR; };
		40C41B3D1E9D697200E21E4D /* RunrMVPUITests.swift */ = {isa = PBXFileReference; lastKnownFileType = sourcecode.swift; path = RunrMVPUITests.swift; sourceTree = "<group>"; };
		40C41B3F1E9D697200E21E4D /* Info.plist */ = {isa = PBXFileReference; lastKnownFileType = text.plist.xml; path = Info.plist; sourceTree = "<group>"; };
		40E8D41E1EAC0A2A00B598BE /* LoginViewController.swift */ = {isa = PBXFileReference; fileEncoding = 4; lastKnownFileType = sourcecode.swift; path = LoginViewController.swift; sourceTree = "<group>"; };
		40E8D4201EAC0A3A00B598BE /* SignUpViewController.swift */ = {isa = PBXFileReference; fileEncoding = 4; lastKnownFileType = sourcecode.swift; path = SignUpViewController.swift; sourceTree = "<group>"; };
		40E8D4231EAC0D9B00B598BE /* API.swift */ = {isa = PBXFileReference; fileEncoding = 4; lastKnownFileType = sourcecode.swift; path = API.swift; sourceTree = "<group>"; };
		94F4E51F60FB76A70EBFD06A /* Pods_RunrMVPTests.framework */ = {isa = PBXFileReference; explicitFileType = wrapper.framework; includeInIndex = 0; path = Pods_RunrMVPTests.framework; sourceTree = BUILT_PRODUCTS_DIR; };
		9B6323F37A29408E907931E8 /* Pods-RunrMVPUITests.release.xcconfig */ = {isa = PBXFileReference; includeInIndex = 1; lastKnownFileType = text.xcconfig; name = "Pods-RunrMVPUITests.release.xcconfig"; path = "Pods/Target Support Files/Pods-RunrMVPUITests/Pods-RunrMVPUITests.release.xcconfig"; sourceTree = "<group>"; };
		9ED99E505FF7C28A24AE311B /* Pods_RunrMVPUITests.framework */ = {isa = PBXFileReference; explicitFileType = wrapper.framework; includeInIndex = 0; path = Pods_RunrMVPUITests.framework; sourceTree = BUILT_PRODUCTS_DIR; };
		A0BFA6AE49B81522D3DFFD41 /* Pods-RunrMVPTests.release.xcconfig */ = {isa = PBXFileReference; includeInIndex = 1; lastKnownFileType = text.xcconfig; name = "Pods-RunrMVPTests.release.xcconfig"; path = "Pods/Target Support Files/Pods-RunrMVPTests/Pods-RunrMVPTests.release.xcconfig"; sourceTree = "<group>"; };
		B123887298CDF81E1D4B4B24 /* Pods-RunrMVPUITests.debug.xcconfig */ = {isa = PBXFileReference; includeInIndex = 1; lastKnownFileType = text.xcconfig; name = "Pods-RunrMVPUITests.debug.xcconfig"; path = "Pods/Target Support Files/Pods-RunrMVPUITests/Pods-RunrMVPUITests.debug.xcconfig"; sourceTree = "<group>"; };
		CF474BE99075C676AEA220AC /* Pods-RunrMVP.debug.xcconfig */ = {isa = PBXFileReference; includeInIndex = 1; lastKnownFileType = text.xcconfig; name = "Pods-RunrMVP.debug.xcconfig"; path = "Pods/Target Support Files/Pods-RunrMVP/Pods-RunrMVP.debug.xcconfig"; sourceTree = "<group>"; };
		D91F0158FC82B919BD2EB2F5 /* Pods_RunrMVP.framework */ = {isa = PBXFileReference; explicitFileType = wrapper.framework; includeInIndex = 0; path = Pods_RunrMVP.framework; sourceTree = BUILT_PRODUCTS_DIR; };
		E437C2AA9DD43397D04D2BBF /* Pods-RunrMVP.release.xcconfig */ = {isa = PBXFileReference; includeInIndex = 1; lastKnownFileType = text.xcconfig; name = "Pods-RunrMVP.release.xcconfig"; path = "Pods/Target Support Files/Pods-RunrMVP/Pods-RunrMVP.release.xcconfig"; sourceTree = "<group>"; };
/* End PBXFileReference section */

/* Begin PBXFrameworksBuildPhase section */
		40C41B171E9D697200E21E4D /* Frameworks */ = {
			isa = PBXFrameworksBuildPhase;
			buildActionMask = 2147483647;
			files = (
				7E0E2F9C7BDD8009BE794F06 /* Pods_RunrMVP.framework in Frameworks */,
			);
			runOnlyForDeploymentPostprocessing = 0;
		};
		40C41B2B1E9D697200E21E4D /* Frameworks */ = {
			isa = PBXFrameworksBuildPhase;
			buildActionMask = 2147483647;
			files = (
				DD9A74C91D2A89DAA8DDA11C /* Pods_RunrMVPTests.framework in Frameworks */,
			);
			runOnlyForDeploymentPostprocessing = 0;
		};
		40C41B361E9D697200E21E4D /* Frameworks */ = {
			isa = PBXFrameworksBuildPhase;
			buildActionMask = 2147483647;
			files = (
				D7D35B15A30C6C5B4CD4D77D /* Pods_RunrMVPUITests.framework in Frameworks */,
			);
			runOnlyForDeploymentPostprocessing = 0;
		};
/* End PBXFrameworksBuildPhase section */

/* Begin PBXGroup section */
		40C41B111E9D697200E21E4D = {
			isa = PBXGroup;
			children = (
				40C41B1C1E9D697200E21E4D /* RunrMVP */,
				40C41B311E9D697200E21E4D /* RunrMVPTests */,
				40C41B3C1E9D697200E21E4D /* RunrMVPUITests */,
				40C41B1B1E9D697200E21E4D /* Products */,
				4DF51F8AA385C21DAD7BA86A /* Pods */,
				BCCFF81E3B9B4A27A982F37F /* Frameworks */,
			);
			sourceTree = "<group>";
		};
		40C41B1B1E9D697200E21E4D /* Products */ = {
			isa = PBXGroup;
			children = (
				40C41B1A1E9D697200E21E4D /* RunrMVP.app */,
				40C41B2E1E9D697200E21E4D /* RunrMVPTests.xctest */,
				40C41B391E9D697200E21E4D /* RunrMVPUITests.xctest */,
			);
			name = Products;
			sourceTree = "<group>";
		};
		40C41B1C1E9D697200E21E4D /* RunrMVP */ = {
			isa = PBXGroup;
			children = (
				40C41B1D1E9D697200E21E4D /* AppDelegate.swift */,
				40E8D4231EAC0D9B00B598BE /* API.swift */,
				40E8D4221EAC0A3F00B598BE /* View Controllers */,
				40C41B241E9D697200E21E4D /* Assets.xcassets */,
				405781CF1EB287100091885C /* Main.storyboard */,
				40C41B261E9D697200E21E4D /* LaunchScreen.storyboard */,
				40C41B291E9D697200E21E4D /* Info.plist */,
			);
			path = RunrMVP;
			sourceTree = "<group>";
		};
		40C41B311E9D697200E21E4D /* RunrMVPTests */ = {
			isa = PBXGroup;
			children = (
				40C41B321E9D697200E21E4D /* RunrMVPTests.swift */,
				40C41B341E9D697200E21E4D /* Info.plist */,
			);
			path = RunrMVPTests;
			sourceTree = "<group>";
		};
		40C41B3C1E9D697200E21E4D /* RunrMVPUITests */ = {
			isa = PBXGroup;
			children = (
				40C41B3D1E9D697200E21E4D /* RunrMVPUITests.swift */,
				40C41B3F1E9D697200E21E4D /* Info.plist */,
			);
			path = RunrMVPUITests;
			sourceTree = "<group>";
		};
		40E8D4221EAC0A3F00B598BE /* View Controllers */ = {
			isa = PBXGroup;
			children = (
				40E8D41E1EAC0A2A00B598BE /* LoginViewController.swift */,
				40E8D4201EAC0A3A00B598BE /* SignUpViewController.swift */,
				405781CD1EAFF7C80091885C /* OrderViewController.swift */,
			);
			name = "View Controllers";
			sourceTree = "<group>";
		};
		4DF51F8AA385C21DAD7BA86A /* Pods */ = {
			isa = PBXGroup;
			children = (
				CF474BE99075C676AEA220AC /* Pods-RunrMVP.debug.xcconfig */,
				E437C2AA9DD43397D04D2BBF /* Pods-RunrMVP.release.xcconfig */,
				3A43BA7D87E8C1D492407659 /* Pods-RunrMVPTests.debug.xcconfig */,
				A0BFA6AE49B81522D3DFFD41 /* Pods-RunrMVPTests.release.xcconfig */,
				B123887298CDF81E1D4B4B24 /* Pods-RunrMVPUITests.debug.xcconfig */,
				9B6323F37A29408E907931E8 /* Pods-RunrMVPUITests.release.xcconfig */,
			);
			name = Pods;
			sourceTree = "<group>";
		};
		BCCFF81E3B9B4A27A982F37F /* Frameworks */ = {
			isa = PBXGroup;
			children = (
				D91F0158FC82B919BD2EB2F5 /* Pods_RunrMVP.framework */,
				94F4E51F60FB76A70EBFD06A /* Pods_RunrMVPTests.framework */,
				9ED99E505FF7C28A24AE311B /* Pods_RunrMVPUITests.framework */,
			);
			name = Frameworks;
			sourceTree = "<group>";
		};
/* End PBXGroup section */

/* Begin PBXNativeTarget section */
		40C41B191E9D697200E21E4D /* RunrMVP */ = {
			isa = PBXNativeTarget;
			buildConfigurationList = 40C41B421E9D697200E21E4D /* Build configuration list for PBXNativeTarget "RunrMVP" */;
			buildPhases = (
				28E167E022B48E74D0F5012F /* [CP] Check Pods Manifest.lock */,
				40C41B161E9D697200E21E4D /* Sources */,
				40C41B171E9D697200E21E4D /* Frameworks */,
				40C41B181E9D697200E21E4D /* Resources */,
				708EB6D29529CEA953AA0358 /* [CP] Embed Pods Frameworks */,
				D271B033214DB92F061DBF27 /* [CP] Copy Pods Resources */,
			);
			buildRules = (
			);
			dependencies = (
			);
			name = RunrMVP;
			productName = RunrMVP;
			productReference = 40C41B1A1E9D697200E21E4D /* RunrMVP.app */;
			productType = "com.apple.product-type.application";
		};
		40C41B2D1E9D697200E21E4D /* RunrMVPTests */ = {
			isa = PBXNativeTarget;
			buildConfigurationList = 40C41B451E9D697200E21E4D /* Build configuration list for PBXNativeTarget "RunrMVPTests" */;
			buildPhases = (
				78B05FE9923BFEDDCF772D4A /* [CP] Check Pods Manifest.lock */,
				40C41B2A1E9D697200E21E4D /* Sources */,
				40C41B2B1E9D697200E21E4D /* Frameworks */,
				40C41B2C1E9D697200E21E4D /* Resources */,
				DD9009D78E7DA16EA821C05D /* [CP] Embed Pods Frameworks */,
				0C7F2FB7D739849DA8AA603A /* [CP] Copy Pods Resources */,
			);
			buildRules = (
			);
			dependencies = (
				40C41B301E9D697200E21E4D /* PBXTargetDependency */,
			);
			name = RunrMVPTests;
			productName = RunrMVPTests;
			productReference = 40C41B2E1E9D697200E21E4D /* RunrMVPTests.xctest */;
			productType = "com.apple.product-type.bundle.unit-test";
		};
		40C41B381E9D697200E21E4D /* RunrMVPUITests */ = {
			isa = PBXNativeTarget;
			buildConfigurationList = 40C41B481E9D697200E21E4D /* Build configuration list for PBXNativeTarget "RunrMVPUITests" */;
			buildPhases = (
				6567EA168E860584D84C90DF /* [CP] Check Pods Manifest.lock */,
				40C41B351E9D697200E21E4D /* Sources */,
				40C41B361E9D697200E21E4D /* Frameworks */,
				40C41B371E9D697200E21E4D /* Resources */,
				7E11D4947E4F96B7D9F919AA /* [CP] Embed Pods Frameworks */,
				B46E2614FC661131988552AD /* [CP] Copy Pods Resources */,
			);
			buildRules = (
			);
			dependencies = (
				40C41B3B1E9D697200E21E4D /* PBXTargetDependency */,
			);
			name = RunrMVPUITests;
			productName = RunrMVPUITests;
			productReference = 40C41B391E9D697200E21E4D /* RunrMVPUITests.xctest */;
			productType = "com.apple.product-type.bundle.ui-testing";
		};
/* End PBXNativeTarget section */

/* Begin PBXProject section */
		40C41B121E9D697200E21E4D /* Project object */ = {
			isa = PBXProject;
			attributes = {
				LastSwiftUpdateCheck = 0820;
				LastUpgradeCheck = 0820;
				ORGANIZATIONNAME = "Nashid Chowdhury";
				TargetAttributes = {
					40C41B191E9D697200E21E4D = {
						CreatedOnToolsVersion = 8.2.1;
						DevelopmentTeam = DLWGGFT72P;
						ProvisioningStyle = Automatic;
					};
					40C41B2D1E9D697200E21E4D = {
						CreatedOnToolsVersion = 8.2.1;
						DevelopmentTeam = DLWGGFT72P;
						ProvisioningStyle = Automatic;
						TestTargetID = 40C41B191E9D697200E21E4D;
					};
					40C41B381E9D697200E21E4D = {
						CreatedOnToolsVersion = 8.2.1;
						DevelopmentTeam = DLWGGFT72P;
						ProvisioningStyle = Automatic;
						TestTargetID = 40C41B191E9D697200E21E4D;
					};
				};
			};
			buildConfigurationList = 40C41B151E9D697200E21E4D /* Build configuration list for PBXProject "RunrMVP" */;
			compatibilityVersion = "Xcode 3.2";
			developmentRegion = English;
			hasScannedForEncodings = 0;
			knownRegions = (
				en,
				Base,
			);
			mainGroup = 40C41B111E9D697200E21E4D;
			productRefGroup = 40C41B1B1E9D697200E21E4D /* Products */;
			projectDirPath = "";
			projectRoot = "";
			targets = (
				40C41B191E9D697200E21E4D /* RunrMVP */,
				40C41B2D1E9D697200E21E4D /* RunrMVPTests */,
				40C41B381E9D697200E21E4D /* RunrMVPUITests */,
			);
		};
/* End PBXProject section */

/* Begin PBXResourcesBuildPhase section */
		40C41B181E9D697200E21E4D /* Resources */ = {
			isa = PBXResourcesBuildPhase;
			buildActionMask = 2147483647;
			files = (
				405781D11EB287100091885C /* Main.storyboard in Resources */,
				40C41B281E9D697200E21E4D /* LaunchScreen.storyboard in Resources */,
				40C41B251E9D697200E21E4D /* Assets.xcassets in Resources */,
			);
			runOnlyForDeploymentPostprocessing = 0;
		};
		40C41B2C1E9D697200E21E4D /* Resources */ = {
			isa = PBXResourcesBuildPhase;
			buildActionMask = 2147483647;
			files = (
			);
			runOnlyForDeploymentPostprocessing = 0;
		};
		40C41B371E9D697200E21E4D /* Resources */ = {
			isa = PBXResourcesBuildPhase;
			buildActionMask = 2147483647;
			files = (
			);
			runOnlyForDeploymentPostprocessing = 0;
		};
/* End PBXResourcesBuildPhase section */

/* Begin PBXShellScriptBuildPhase section */
		0C7F2FB7D739849DA8AA603A /* [CP] Copy Pods Resources */ = {
			isa = PBXShellScriptBuildPhase;
			buildActionMask = 2147483647;
			files = (
			);
			inputPaths = (
			);
			name = "[CP] Copy Pods Resources";
			outputPaths = (
			);
			runOnlyForDeploymentPostprocessing = 0;
			shellPath = /bin/sh;
			shellScript = "\"${SRCROOT}/Pods/Target Support Files/Pods-RunrMVPTests/Pods-RunrMVPTests-resources.sh\"\n";
			showEnvVarsInLog = 0;
		};
		28E167E022B48E74D0F5012F /* [CP] Check Pods Manifest.lock */ = {
			isa = PBXShellScriptBuildPhase;
			buildActionMask = 2147483647;
			files = (
			);
			inputPaths = (
			);
			name = "[CP] Check Pods Manifest.lock";
			outputPaths = (
			);
			runOnlyForDeploymentPostprocessing = 0;
			shellPath = /bin/sh;
			shellScript = "diff \"${PODS_PODFILE_DIR_PATH}/Podfile.lock\" \"${PODS_ROOT}/Manifest.lock\" > /dev/null\nif [ $? != 0 ] ; then\n    # print error to STDERR\n    echo \"error: The sandbox is not in sync with the Podfile.lock. Run 'pod install' or update your CocoaPods installation.\" >&2\n    exit 1\nfi\n";
			showEnvVarsInLog = 0;
		};
		6567EA168E860584D84C90DF /* [CP] Check Pods Manifest.lock */ = {
			isa = PBXShellScriptBuildPhase;
			buildActionMask = 2147483647;
			files = (
			);
			inputPaths = (
			);
			name = "[CP] Check Pods Manifest.lock";
			outputPaths = (
			);
			runOnlyForDeploymentPostprocessing = 0;
			shellPath = /bin/sh;
			shellScript = "diff \"${PODS_PODFILE_DIR_PATH}/Podfile.lock\" \"${PODS_ROOT}/Manifest.lock\" > /dev/null\nif [ $? != 0 ] ; then\n    # print error to STDERR\n    echo \"error: The sandbox is not in sync with the Podfile.lock. Run 'pod install' or update your CocoaPods installation.\" >&2\n    exit 1\nfi\n";
			showEnvVarsInLog = 0;
		};
		708EB6D29529CEA953AA0358 /* [CP] Embed Pods Frameworks */ = {
			isa = PBXShellScriptBuildPhase;
			buildActionMask = 2147483647;
			files = (
			);
			inputPaths = (
			);
			name = "[CP] Embed Pods Frameworks";
			outputPaths = (
			);
			runOnlyForDeploymentPostprocessing = 0;
			shellPath = /bin/sh;
			shellScript = "\"${SRCROOT}/Pods/Target Support Files/Pods-RunrMVP/Pods-RunrMVP-frameworks.sh\"\n";
			showEnvVarsInLog = 0;
		};
		78B05FE9923BFEDDCF772D4A /* [CP] Check Pods Manifest.lock */ = {
			isa = PBXShellScriptBuildPhase;
			buildActionMask = 2147483647;
			files = (
			);
			inputPaths = (
			);
			name = "[CP] Check Pods Manifest.lock";
			outputPaths = (
			);
			runOnlyForDeploymentPostprocessing = 0;
			shellPath = /bin/sh;
			shellScript = "diff \"${PODS_PODFILE_DIR_PATH}/Podfile.lock\" \"${PODS_ROOT}/Manifest.lock\" > /dev/null\nif [ $? != 0 ] ; then\n    # print error to STDERR\n    echo \"error: The sandbox is not in sync with the Podfile.lock. Run 'pod install' or update your CocoaPods installation.\" >&2\n    exit 1\nfi\n";
			showEnvVarsInLog = 0;
		};
		7E11D4947E4F96B7D9F919AA /* [CP] Embed Pods Frameworks */ = {
			isa = PBXShellScriptBuildPhase;
			buildActionMask = 2147483647;
			files = (
			);
			inputPaths = (
			);
			name = "[CP] Embed Pods Frameworks";
			outputPaths = (
			);
			runOnlyForDeploymentPostprocessing = 0;
			shellPath = /bin/sh;
			shellScript = "\"${SRCROOT}/Pods/Target Support Files/Pods-RunrMVPUITests/Pods-RunrMVPUITests-frameworks.sh\"\n";
			showEnvVarsInLog = 0;
		};
		B46E2614FC661131988552AD /* [CP] Copy Pods Resources */ = {
			isa = PBXShellScriptBuildPhase;
			buildActionMask = 2147483647;
			files = (
			);
			inputPaths = (
			);
			name = "[CP] Copy Pods Resources";
			outputPaths = (
			);
			runOnlyForDeploymentPostprocessing = 0;
			shellPath = /bin/sh;
			shellScript = "\"${SRCROOT}/Pods/Target Support Files/Pods-RunrMVPUITests/Pods-RunrMVPUITests-resources.sh\"\n";
			showEnvVarsInLog = 0;
		};
		D271B033214DB92F061DBF27 /* [CP] Copy Pods Resources */ = {
			isa = PBXShellScriptBuildPhase;
			buildActionMask = 2147483647;
			files = (
			);
			inputPaths = (
			);
			name = "[CP] Copy Pods Resources";
			outputPaths = (
			);
			runOnlyForDeploymentPostprocessing = 0;
			shellPath = /bin/sh;
			shellScript = "\"${SRCROOT}/Pods/Target Support Files/Pods-RunrMVP/Pods-RunrMVP-resources.sh\"\n";
			showEnvVarsInLog = 0;
		};
		DD9009D78E7DA16EA821C05D /* [CP] Embed Pods Frameworks */ = {
			isa = PBXShellScriptBuildPhase;
			buildActionMask = 2147483647;
			files = (
			);
			inputPaths = (
			);
			name = "[CP] Embed Pods Frameworks";
			outputPaths = (
			);
			runOnlyForDeploymentPostprocessing = 0;
			shellPath = /bin/sh;
			shellScript = "\"${SRCROOT}/Pods/Target Support Files/Pods-RunrMVPTests/Pods-RunrMVPTests-frameworks.sh\"\n";
			showEnvVarsInLog = 0;
		};
/* End PBXShellScriptBuildPhase section */

/* Begin PBXSourcesBuildPhase section */
		40C41B161E9D697200E21E4D /* Sources */ = {
			isa = PBXSourcesBuildPhase;
			buildActionMask = 2147483647;
			files = (
				40E8D4211EAC0A3A00B598BE /* SignUpViewController.swift in Sources */,
				405781CE1EAFF7C80091885C /* OrderViewController.swift in Sources */,
				40E8D41F1EAC0A2A00B598BE /* LoginViewController.swift in Sources */,
				40E8D4241EAC0D9B00B598BE /* API.swift in Sources */,
				40C41B1E1E9D697200E21E4D /* AppDelegate.swift in Sources */,
			);
			runOnlyForDeploymentPostprocessing = 0;
		};
		40C41B2A1E9D697200E21E4D /* Sources */ = {
			isa = PBXSourcesBuildPhase;
			buildActionMask = 2147483647;
			files = (
				40C41B331E9D697200E21E4D /* RunrMVPTests.swift in Sources */,
			);
			runOnlyForDeploymentPostprocessing = 0;
		};
		40C41B351E9D697200E21E4D /* Sources */ = {
			isa = PBXSourcesBuildPhase;
			buildActionMask = 2147483647;
			files = (
				40C41B3E1E9D697200E21E4D /* RunrMVPUITests.swift in Sources */,
			);
			runOnlyForDeploymentPostprocessing = 0;
		};
/* End PBXSourcesBuildPhase section */

/* Begin PBXTargetDependency section */
		40C41B301E9D697200E21E4D /* PBXTargetDependency */ = {
			isa = PBXTargetDependency;
			target = 40C41B191E9D697200E21E4D /* RunrMVP */;
			targetProxy = 40C41B2F1E9D697200E21E4D /* PBXContainerItemProxy */;
		};
		40C41B3B1E9D697200E21E4D /* PBXTargetDependency */ = {
			isa = PBXTargetDependency;
			target = 40C41B191E9D697200E21E4D /* RunrMVP */;
			targetProxy = 40C41B3A1E9D697200E21E4D /* PBXContainerItemProxy */;
		};
/* End PBXTargetDependency section */

/* Begin PBXVariantGroup section */
		405781CF1EB287100091885C /* Main.storyboard */ = {
			isa = PBXVariantGroup;
			children = (
				405781D01EB287100091885C /* Base */,
			);
			name = Main.storyboard;
			sourceTree = "<group>";
		};
		40C41B261E9D697200E21E4D /* LaunchScreen.storyboard */ = {
			isa = PBXVariantGroup;
			children = (
				40C41B271E9D697200E21E4D /* Base */,
			);
			name = LaunchScreen.storyboard;
			sourceTree = "<group>";
		};
/* End PBXVariantGroup section */

/* Begin XCBuildConfiguration section */
		40C41B401E9D697200E21E4D /* Debug */ = {
			isa = XCBuildConfiguration;
			buildSettings = {
				ALWAYS_SEARCH_USER_PATHS = NO;
				CLANG_ANALYZER_NONNULL = YES;
				CLANG_CXX_LANGUAGE_STANDARD = "gnu++0x";
				CLANG_CXX_LIBRARY = "libc++";
				CLANG_ENABLE_MODULES = YES;
				CLANG_ENABLE_OBJC_ARC = YES;
				CLANG_WARN_BOOL_CONVERSION = YES;
				CLANG_WARN_CONSTANT_CONVERSION = YES;
				CLANG_WARN_DIRECT_OBJC_ISA_USAGE = YES_ERROR;
				CLANG_WARN_DOCUMENTATION_COMMENTS = YES;
				CLANG_WARN_EMPTY_BODY = YES;
				CLANG_WARN_ENUM_CONVERSION = YES;
				CLANG_WARN_INFINITE_RECURSION = YES;
				CLANG_WARN_INT_CONVERSION = YES;
				CLANG_WARN_OBJC_ROOT_CLASS = YES_ERROR;
				CLANG_WARN_SUSPICIOUS_MOVE = YES;
				CLANG_WARN_UNREACHABLE_CODE = YES;
				CLANG_WARN__DUPLICATE_METHOD_MATCH = YES;
				"CODE_SIGN_IDENTITY[sdk=iphoneos*]" = "iPhone Developer";
				COPY_PHASE_STRIP = NO;
				DEBUG_INFORMATION_FORMAT = dwarf;
				ENABLE_STRICT_OBJC_MSGSEND = YES;
				ENABLE_TESTABILITY = YES;
				GCC_C_LANGUAGE_STANDARD = gnu99;
				GCC_DYNAMIC_NO_PIC = NO;
				GCC_NO_COMMON_BLOCKS = YES;
				GCC_OPTIMIZATION_LEVEL = 0;
				GCC_PREPROCESSOR_DEFINITIONS = (
					"DEBUG=1",
					"$(inherited)",
				);
				GCC_WARN_64_TO_32_BIT_CONVERSION = YES;
				GCC_WARN_ABOUT_RETURN_TYPE = YES_ERROR;
				GCC_WARN_UNDECLARED_SELECTOR = YES;
				GCC_WARN_UNINITIALIZED_AUTOS = YES_AGGRESSIVE;
				GCC_WARN_UNUSED_FUNCTION = YES;
				GCC_WARN_UNUSED_VARIABLE = YES;
				IPHONEOS_DEPLOYMENT_TARGET = 10.2;
				MTL_ENABLE_DEBUG_INFO = YES;
				ONLY_ACTIVE_ARCH = YES;
				SDKROOT = iphoneos;
				SWIFT_ACTIVE_COMPILATION_CONDITIONS = DEBUG;
				SWIFT_OPTIMIZATION_LEVEL = "-Onone";
			};
			name = Debug;
		};
		40C41B411E9D697200E21E4D /* Release */ = {
			isa = XCBuildConfiguration;
			buildSettings = {
				ALWAYS_SEARCH_USER_PATHS = NO;
				CLANG_ANALYZER_NONNULL = YES;
				CLANG_CXX_LANGUAGE_STANDARD = "gnu++0x";
				CLANG_CXX_LIBRARY = "libc++";
				CLANG_ENABLE_MODULES = YES;
				CLANG_ENABLE_OBJC_ARC = YES;
				CLANG_WARN_BOOL_CONVERSION = YES;
				CLANG_WARN_CONSTANT_CONVERSION = YES;
				CLANG_WARN_DIRECT_OBJC_ISA_USAGE = YES_ERROR;
				CLANG_WARN_DOCUMENTATION_COMMENTS = YES;
				CLANG_WARN_EMPTY_BODY = YES;
				CLANG_WARN_ENUM_CONVERSION = YES;
				CLANG_WARN_INFINITE_RECURSION = YES;
				CLANG_WARN_INT_CONVERSION = YES;
				CLANG_WARN_OBJC_ROOT_CLASS = YES_ERROR;
				CLANG_WARN_SUSPICIOUS_MOVE = YES;
				CLANG_WARN_UNREACHABLE_CODE = YES;
				CLANG_WARN__DUPLICATE_METHOD_MATCH = YES;
				"CODE_SIGN_IDENTITY[sdk=iphoneos*]" = "iPhone Developer";
				COPY_PHASE_STRIP = NO;
				DEBUG_INFORMATION_FORMAT = "dwarf-with-dsym";
				ENABLE_NS_ASSERTIONS = NO;
				ENABLE_STRICT_OBJC_MSGSEND = YES;
				GCC_C_LANGUAGE_STANDARD = gnu99;
				GCC_NO_COMMON_BLOCKS = YES;
				GCC_WARN_64_TO_32_BIT_CONVERSION = YES;
				GCC_WARN_ABOUT_RETURN_TYPE = YES_ERROR;
				GCC_WARN_UNDECLARED_SELECTOR = YES;
				GCC_WARN_UNINITIALIZED_AUTOS = YES_AGGRESSIVE;
				GCC_WARN_UNUSED_FUNCTION = YES;
				GCC_WARN_UNUSED_VARIABLE = YES;
				IPHONEOS_DEPLOYMENT_TARGET = 10.2;
				MTL_ENABLE_DEBUG_INFO = NO;
				SDKROOT = iphoneos;
				SWIFT_OPTIMIZATION_LEVEL = "-Owholemodule";
				VALIDATE_PRODUCT = YES;
			};
			name = Release;
		};
		40C41B431E9D697200E21E4D /* Debug */ = {
			isa = XCBuildConfiguration;
			baseConfigurationReference = CF474BE99075C676AEA220AC /* Pods-RunrMVP.debug.xcconfig */;
			buildSettings = {
				ASSETCATALOG_COMPILER_APPICON_NAME = AppIcon;
				DEVELOPMENT_TEAM = DLWGGFT72P;
				INFOPLIST_FILE = RunrMVP/Info.plist;
				IPHONEOS_DEPLOYMENT_TARGET = 10.0;
				LD_RUNPATH_SEARCH_PATHS = "$(inherited) @executable_path/Frameworks";
				PRODUCT_BUNDLE_IDENTIFIER = nyc.runr.Runr;
				PRODUCT_NAME = "$(TARGET_NAME)";
				SWIFT_VERSION = 3.0;
				TARGETED_DEVICE_FAMILY = 1;
			};
			name = Debug;
		};
		40C41B441E9D697200E21E4D /* Release */ = {
			isa = XCBuildConfiguration;
			baseConfigurationReference = E437C2AA9DD43397D04D2BBF /* Pods-RunrMVP.release.xcconfig */;
			buildSettings = {
				ASSETCATALOG_COMPILER_APPICON_NAME = AppIcon;
				DEVELOPMENT_TEAM = DLWGGFT72P;
				INFOPLIST_FILE = RunrMVP/Info.plist;
				IPHONEOS_DEPLOYMENT_TARGET = 10.0;
				LD_RUNPATH_SEARCH_PATHS = "$(inherited) @executable_path/Frameworks";
				PRODUCT_BUNDLE_IDENTIFIER = nyc.runr.Runr;
				PRODUCT_NAME = "$(TARGET_NAME)";
				SWIFT_VERSION = 3.0;
				TARGETED_DEVICE_FAMILY = 1;
			};
			name = Release;
		};
		40C41B461E9D697200E21E4D /* Debug */ = {
			isa = XCBuildConfiguration;
			baseConfigurationReference = 3A43BA7D87E8C1D492407659 /* Pods-RunrMVPTests.debug.xcconfig */;
			buildSettings = {
				ALWAYS_EMBED_SWIFT_STANDARD_LIBRARIES = YES;
				BUNDLE_LOADER = "$(TEST_HOST)";
				DEVELOPMENT_TEAM = DLWGGFT72P;
				INFOPLIST_FILE = RunrMVPTests/Info.plist;
				LD_RUNPATH_SEARCH_PATHS = "$(inherited) @executable_path/Frameworks @loader_path/Frameworks";
				PRODUCT_BUNDLE_IDENTIFIER = com.nashidc.RunrMVPTests;
				PRODUCT_NAME = "$(TARGET_NAME)";
				SWIFT_VERSION = 3.0;
				TEST_HOST = "$(BUILT_PRODUCTS_DIR)/RunrMVP.app/RunrMVP";
			};
			name = Debug;
		};
		40C41B471E9D697200E21E4D /* Release */ = {
			isa = XCBuildConfiguration;
			baseConfigurationReference = A0BFA6AE49B81522D3DFFD41 /* Pods-RunrMVPTests.release.xcconfig */;
			buildSettings = {
				ALWAYS_EMBED_SWIFT_STANDARD_LIBRARIES = YES;
				BUNDLE_LOADER = "$(TEST_HOST)";
				DEVELOPMENT_TEAM = DLWGGFT72P;
				INFOPLIST_FILE = RunrMVPTests/Info.plist;
				LD_RUNPATH_SEARCH_PATHS = "$(inherited) @executable_path/Frameworks @loader_path/Frameworks";
				PRODUCT_BUNDLE_IDENTIFIER = com.nashidc.RunrMVPTests;
				PRODUCT_NAME = "$(TARGET_NAME)";
				SWIFT_VERSION = 3.0;
				TEST_HOST = "$(BUILT_PRODUCTS_DIR)/RunrMVP.app/RunrMVP";
			};
			name = Release;
		};
		40C41B491E9D697200E21E4D /* Debug */ = {
			isa = XCBuildConfiguration;
			baseConfigurationReference = B123887298CDF81E1D4B4B24 /* Pods-RunrMVPUITests.debug.xcconfig */;
			buildSettings = {
				ALWAYS_EMBED_SWIFT_STANDARD_LIBRARIES = YES;
				DEVELOPMENT_TEAM = DLWGGFT72P;
				INFOPLIST_FILE = RunrMVPUITests/Info.plist;
				LD_RUNPATH_SEARCH_PATHS = "$(inherited) @executable_path/Frameworks @loader_path/Frameworks";
				PRODUCT_BUNDLE_IDENTIFIER = com.nashidc.RunrMVPUITests;
				PRODUCT_NAME = "$(TARGET_NAME)";
				SWIFT_VERSION = 3.0;
				TEST_TARGET_NAME = RunrMVP;
			};
			name = Debug;
		};
		40C41B4A1E9D697200E21E4D /* Release */ = {
			isa = XCBuildConfiguration;
			baseConfigurationReference = 9B6323F37A29408E907931E8 /* Pods-RunrMVPUITests.release.xcconfig */;
			buildSettings = {
				ALWAYS_EMBED_SWIFT_STANDARD_LIBRARIES = YES;
				DEVELOPMENT_TEAM = DLWGGFT72P;
				INFOPLIST_FILE = RunrMVPUITests/Info.plist;
				LD_RUNPATH_SEARCH_PATHS = "$(inherited) @executable_path/Frameworks @loader_path/Frameworks";
				PRODUCT_BUNDLE_IDENTIFIER = com.nashidc.RunrMVPUITests;
				PRODUCT_NAME = "$(TARGET_NAME)";
				SWIFT_VERSION = 3.0;
				TEST_TARGET_NAME = RunrMVP;
			};
			name = Release;
		};
/* End XCBuildConfiguration section */

/* Begin XCConfigurationList section */
		40C41B151E9D697200E21E4D /* Build configuration list for PBXProject "RunrMVP" */ = {
			isa = XCConfigurationList;
			buildConfigurations = (
				40C41B401E9D697200E21E4D /* Debug */,
				40C41B411E9D697200E21E4D /* Release */,
			);
			defaultConfigurationIsVisible = 0;
			defaultConfigurationName = Release;
		};
		40C41B421E9D697200E21E4D /* Build configuration list for PBXNativeTarget "RunrMVP" */ = {
			isa = XCConfigurationList;
			buildConfigurations = (
				40C41B431E9D697200E21E4D /* Debug */,
				40C41B441E9D697200E21E4D /* Release */,
			);
			defaultConfigurationIsVisible = 0;
			defaultConfigurationName = Release;
		};
		40C41B451E9D697200E21E4D /* Build configuration list for PBXNativeTarget "RunrMVPTests" */ = {
			isa = XCConfigurationList;
			buildConfigurations = (
				40C41B461E9D697200E21E4D /* Debug */,
				40C41B471E9D697200E21E4D /* Release */,
			);
			defaultConfigurationIsVisible = 0;
			defaultConfigurationName = Release;
		};
		40C41B481E9D697200E21E4D /* Build configuration list for PBXNativeTarget "RunrMVPUITests" */ = {
			isa = XCConfigurationList;
			buildConfigurations = (
				40C41B491E9D697200E21E4D /* Debug */,
				40C41B4A1E9D697200E21E4D /* Release */,
			);
			defaultConfigurationIsVisible = 0;
			defaultConfigurationName = Release;
		};
/* End XCConfigurationList section */
	};
	rootObject = 40C41B121E9D697200E21E4D /* Project object */;
}
